
Microsoft Visual Studio Solution File, Format Version 12.00
# Visual Studio Version 17
VisualStudioVersion = 17.1.32414.318
MinimumVisualStudioVersion = 10.0.40219.1
Project("{9A19103F-16F7-4668-BE54-9A1E7A4F7556}") = "POO", "POO.csproj", "{B1165D22-4A92-48BD-A764-ED3E5AF117EA}"
EndProject
Project("{FAE04EC0-301F-11D3-BF4B-00C04F79EFBC}") = "Utilidades", "..\Utilidades\Utilidades.csproj", "{1D1CBDA4-5C8C-488E-A836-4419C01E5731}"
EndProject
Global
	GlobalSection(SolutionConfigurationPlatforms) = preSolution
		Debug|Any CPU = Debug|Any CPU
		Release|Any CPU = Release|Any CPU
	EndGlobalSection
	GlobalSection(ProjectConfigurationPlatforms) = postSolution
		{B1165D22-4A92-48BD-A764-ED3E5AF117EA}.Debug|Any CPU.ActiveCfg = Debug|Any CPU
		{B1165D22-4A92-48BD-A764-ED3E5AF117EA}.Debug|Any CPU.Build.0 = Debug|Any CPU
		{B1165D22-4A92-48BD-A764-ED3E5AF117EA}.Release|Any CPU.ActiveCfg = Release|Any CPU
		{B1165D22-4A92-48BD-A764-ED3E5AF117EA}.Release|Any CPU.Build.0 = Release|Any CPU
		{1D1CBDA4-5C8C-488E-A836-4419C01E5731}.Debug|Any CPU.ActiveCfg = Debug|Any CPU
		{1D1CBDA4-5C8C-488E-A836-4419C01E5731}.Debug|Any CPU.Build.0 = Debug|Any CPU
		{1D1CBDA4-5C8C-488E-A836-4419C01E5731}.Release|Any CPU.ActiveCfg = Release|Any CPU
		{1D1CBDA4-5C8C-488E-A836-4419C01E5731}.Release|Any CPU.Build.0 = Release|Any CPU
	EndGlobalSection
	GlobalSection(SolutionProperties) = preSolution
		HideSolutionNode = FALSE
	EndGlobalSection
	GlobalSection(ExtensibilityGlobals) = postSolution
		SolutionGuid = {B390B172-3FAA-41BC-AB0C-405816D65D8B}
	EndGlobalSection
EndGlobal
